// !$*UTF8*$!
{
	archiveVersion = 1;
	classes = {
	};
	objectVersion = 46;
	objects = {

/* Begin PBXBuildFile section */
		0B0480AA26D9D7BB0737A985 /* libPods.a in Frameworks */ = {isa = PBXBuildFile; fileRef = 5B8ECC707D01CE2ECB845E36 /* libPods.a */; };
		4B167B661D4CA94A007D793C /* DataList.plist in Resources */ = {isa = PBXBuildFile; fileRef = 4B167B651D4CA94A007D793C /* DataList.plist */; };
		4B167B6C1D4CAAB5007D793C /* ListModel.m in Sources */ = {isa = PBXBuildFile; fileRef = 4B167B6B1D4CAAB5007D793C /* ListModel.m */; };
		4B167B701D4CAAF7007D793C /* ListCell.m in Sources */ = {isa = PBXBuildFile; fileRef = 4B167B6E1D4CAAF7007D793C /* ListCell.m */; };
		4B167B711D4CAAF7007D793C /* ListCell.xib in Resources */ = {isa = PBXBuildFile; fileRef = 4B167B6F1D4CAAF7007D793C /* ListCell.xib */; };
		4B167B771D4CD838007D793C /* DetailViewController.m in Sources */ = {isa = PBXBuildFile; fileRef = 4B167B751D4CD838007D793C /* DetailViewController.m */; };
		4B167B781D4CD838007D793C /* DetailViewController.xib in Resources */ = {isa = PBXBuildFile; fileRef = 4B167B761D4CD838007D793C /* DetailViewController.xib */; };
		4B167B7B1D4CE504007D793C /* LXCommonTips.m in Sources */ = {isa = PBXBuildFile; fileRef = 4B167B7A1D4CE504007D793C /* LXCommonTips.m */; };
		4B167B811D4CE9D8007D793C /* UILabel+LXAdd.m in Sources */ = {isa = PBXBuildFile; fileRef = 4B167B801D4CE9D8007D793C /* UILabel+LXAdd.m */; };
		4B9005F01CD1B6E50063E679 /* main.m in Sources */ = {isa = PBXBuildFile; fileRef = 4B9005EF1CD1B6E50063E679 /* main.m */; };
		4B9005F91CD1B6E50063E679 /* Main.storyboard in Resources */ = {isa = PBXBuildFile; fileRef = 4B9005F71CD1B6E50063E679 /* Main.storyboard */; };
		4B9005FB1CD1B6E50063E679 /* Assets.xcassets in Resources */ = {isa = PBXBuildFile; fileRef = 4B9005FA1CD1B6E50063E679 /* Assets.xcassets */; };
		4B9005FE1CD1B6E50063E679 /* LaunchScreen.storyboard in Resources */ = {isa = PBXBuildFile; fileRef = 4B9005FC1CD1B6E50063E679 /* LaunchScreen.storyboard */; };
		4B9006091CD1B6E50063E679 /* LXAppFrameworkDemoTests.m in Sources */ = {isa = PBXBuildFile; fileRef = 4B9006081CD1B6E50063E679 /* LXAppFrameworkDemoTests.m */; };
		4B9006141CD1B6E50063E679 /* LXAppFrameworkDemoUITests.m in Sources */ = {isa = PBXBuildFile; fileRef = 4B9006131CD1B6E50063E679 /* LXAppFrameworkDemoUITests.m */; };
		4B90062D1CD1BA560063E679 /* AppDelegate.m in Sources */ = {isa = PBXBuildFile; fileRef = 4B90062C1CD1BA560063E679 /* AppDelegate.m */; };
		4B9006361CD1D17A0063E679 /* LXTabBarController.m in Sources */ = {isa = PBXBuildFile; fileRef = 4B9006351CD1D17A0063E679 /* LXTabBarController.m */; };
		4B9006391CD1D3080063E679 /* NTButton.m in Sources */ = {isa = PBXBuildFile; fileRef = 4B9006381CD1D3080063E679 /* NTButton.m */; };
		4B9006491CD1D6830063E679 /* HomeViewController.m in Sources */ = {isa = PBXBuildFile; fileRef = 4B9006481CD1D6830063E679 /* HomeViewController.m */; };
		4B90064C1CD1D6930063E679 /* OthersViewController.m in Sources */ = {isa = PBXBuildFile; fileRef = 4B90064B1CD1D6930063E679 /* OthersViewController.m */; };
		4B90064F1CD1D69F0063E679 /* UserViewController.m in Sources */ = {isa = PBXBuildFile; fileRef = 4B90064E1CD1D69F0063E679 /* UserViewController.m */; };
		4B9006521CD1D9700063E679 /* AppSatrt.m in Sources */ = {isa = PBXBuildFile; fileRef = 4B9006511CD1D9700063E679 /* AppSatrt.m */; };
		4B90065D1CD1EF2E0063E679 /* LXTools.m in Sources */ = {isa = PBXBuildFile; fileRef = 4B90065C1CD1EF2E0063E679 /* LXTools.m */; };
		4B9006601CD1EF560063E679 /* LXGuidueViewController.m in Sources */ = {isa = PBXBuildFile; fileRef = 4B90065F1CD1EF560063E679 /* LXGuidueViewController.m */; };
		4B9006881CD1FEB40063E679 /* LoginViewController.m in Sources */ = {isa = PBXBuildFile; fileRef = 4B9006861CD1FEB40063E679 /* LoginViewController.m */; };
		4B9006891CD1FEB40063E679 /* LoginViewController.xib in Resources */ = {isa = PBXBuildFile; fileRef = 4B9006871CD1FEB40063E679 /* LoginViewController.xib */; };
		4BD9ECB01D72A29500D5A61C /* Default-568h@2x.png in Resources */ = {isa = PBXBuildFile; fileRef = 4BD9ECAF1D72A29500D5A61C /* Default-568h@2x.png */; };
		4BD9ECD41D72C88B00D5A61C /* h0.html in Resources */ = {isa = PBXBuildFile; fileRef = 4BD9ECD31D72C88B00D5A61C /* h0.html */; };
		4BD9ED181D7322C200D5A61C /* h1.html in Resources */ = {isa = PBXBuildFile; fileRef = 4BD9ECF51D7322C200D5A61C /* h1.html */; };
		4BD9ED191D7322C200D5A61C /* h2.html in Resources */ = {isa = PBXBuildFile; fileRef = 4BD9ECF61D7322C200D5A61C /* h2.html */; };
		4BD9ED1A1D7322C200D5A61C /* h3.html in Resources */ = {isa = PBXBuildFile; fileRef = 4BD9ECF71D7322C200D5A61C /* h3.html */; };
		4BD9ED1B1D7322C200D5A61C /* h4.html in Resources */ = {isa = PBXBuildFile; fileRef = 4BD9ECF81D7322C200D5A61C /* h4.html */; };
		4BD9ED1C1D7322C200D5A61C /* h5.html in Resources */ = {isa = PBXBuildFile; fileRef = 4BD9ECF91D7322C200D5A61C /* h5.html */; };
		4BD9ED1D1D7322C200D5A61C /* h6.html in Resources */ = {isa = PBXBuildFile; fileRef = 4BD9ECFA1D7322C200D5A61C /* h6.html */; };
		4BD9ED1E1D7322C200D5A61C /* h7.html in Resources */ = {isa = PBXBuildFile; fileRef = 4BD9ECFB1D7322C200D5A61C /* h7.html */; };
		4BD9ED1F1D7322C200D5A61C /* h8.html in Resources */ = {isa = PBXBuildFile; fileRef = 4BD9ECFC1D7322C200D5A61C /* h8.html */; };
		4BD9ED201D7322C200D5A61C /* h9.html in Resources */ = {isa = PBXBuildFile; fileRef = 4BD9ECFD1D7322C200D5A61C /* h9.html */; };
		4BD9ED211D7322C200D5A61C /* h10.html in Resources */ = {isa = PBXBuildFile; fileRef = 4BD9ECFE1D7322C200D5A61C /* h10.html */; };
		4BD9ED221D7322C200D5A61C /* h11.html in Resources */ = {isa = PBXBuildFile; fileRef = 4BD9ECFF1D7322C200D5A61C /* h11.html */; };
		4BD9ED231D7322C200D5A61C /* h12.html in Resources */ = {isa = PBXBuildFile; fileRef = 4BD9ED001D7322C200D5A61C /* h12.html */; };
		4BD9ED241D7322C200D5A61C /* h13.html in Resources */ = {isa = PBXBuildFile; fileRef = 4BD9ED011D7322C200D5A61C /* h13.html */; };
		4BD9ED251D7322C200D5A61C /* h14.html in Resources */ = {isa = PBXBuildFile; fileRef = 4BD9ED021D7322C200D5A61C /* h14.html */; };
		4BD9ED261D7322C200D5A61C /* h15.html in Resources */ = {isa = PBXBuildFile; fileRef = 4BD9ED031D7322C200D5A61C /* h15.html */; };
		4BD9ED271D7322C200D5A61C /* h16.html in Resources */ = {isa = PBXBuildFile; fileRef = 4BD9ED041D7322C200D5A61C /* h16.html */; };
		4BD9ED281D7322C200D5A61C /* h17.html in Resources */ = {isa = PBXBuildFile; fileRef = 4BD9ED051D7322C200D5A61C /* h17.html */; };
		4BD9ED291D7322C200D5A61C /* h18.html in Resources */ = {isa = PBXBuildFile; fileRef = 4BD9ED061D7322C200D5A61C /* h18.html */; };
		4BD9ED2A1D7322C200D5A61C /* h19.html in Resources */ = {isa = PBXBuildFile; fileRef = 4BD9ED071D7322C200D5A61C /* h19.html */; };
		4BD9ED2B1D7322C200D5A61C /* h20.html in Resources */ = {isa = PBXBuildFile; fileRef = 4BD9ED081D7322C200D5A61C /* h20.html */; };
		4BD9ED2C1D7322C200D5A61C /* h21.html in Resources */ = {isa = PBXBuildFile; fileRef = 4BD9ED091D7322C200D5A61C /* h21.html */; };
		4BD9ED2D1D7322C200D5A61C /* h22.html in Resources */ = {isa = PBXBuildFile; fileRef = 4BD9ED0A1D7322C200D5A61C /* h22.html */; };
		4BD9ED2E1D7322C200D5A61C /* h23.html in Resources */ = {isa = PBXBuildFile; fileRef = 4BD9ED0B1D7322C200D5A61C /* h23.html */; };
		4BD9ED2F1D7322C200D5A61C /* h24.html in Resources */ = {isa = PBXBuildFile; fileRef = 4BD9ED0C1D7322C200D5A61C /* h24.html */; };
		4BD9ED301D7322C200D5A61C /* h25.html in Resources */ = {isa = PBXBuildFile; fileRef = 4BD9ED0D1D7322C200D5A61C /* h25.html */; };
		4BD9ED311D7322C200D5A61C /* h26.html in Resources */ = {isa = PBXBuildFile; fileRef = 4BD9ED0E1D7322C200D5A61C /* h26.html */; };
		4BD9ED321D7322C200D5A61C /* h27.html in Resources */ = {isa = PBXBuildFile; fileRef = 4BD9ED0F1D7322C200D5A61C /* h27.html */; };
		4BD9ED331D7322C200D5A61C /* h28.html in Resources */ = {isa = PBXBuildFile; fileRef = 4BD9ED101D7322C200D5A61C /* h28.html */; };
		4BD9ED341D7322C200D5A61C /* h29.html in Resources */ = {isa = PBXBuildFile; fileRef = 4BD9ED111D7322C200D5A61C /* h29.html */; };
		4BD9ED351D7322C200D5A61C /* h30.html in Resources */ = {isa = PBXBuildFile; fileRef = 4BD9ED121D7322C200D5A61C /* h30.html */; };
		4BD9ED361D7322C200D5A61C /* h31.html in Resources */ = {isa = PBXBuildFile; fileRef = 4BD9ED131D7322C200D5A61C /* h31.html */; };
		4BD9ED371D7322C200D5A61C /* h32.html in Resources */ = {isa = PBXBuildFile; fileRef = 4BD9ED141D7322C200D5A61C /* h32.html */; };
		4BD9ED381D7322C200D5A61C /* h33.html in Resources */ = {isa = PBXBuildFile; fileRef = 4BD9ED151D7322C200D5A61C /* h33.html */; };
		4BD9ED391D7322C200D5A61C /* h34.html in Resources */ = {isa = PBXBuildFile; fileRef = 4BD9ED161D7322C200D5A61C /* h34.html */; };
		4BD9ED3A1D7322C200D5A61C /* h35.html in Resources */ = {isa = PBXBuildFile; fileRef = 4BD9ED171D7322C200D5A61C /* h35.html */; };
		4BDFE7D41CD2F6BF00CB2C7A /* JTNavigationController.m in Sources */ = {isa = PBXBuildFile; fileRef = 4BDFE7D11CD2F6BF00CB2C7A /* JTNavigationController.m */; };
		4BDFE7D51CD2F6BF00CB2C7A /* UIViewController+JTNavigationExtension.m in Sources */ = {isa = PBXBuildFile; fileRef = 4BDFE7D31CD2F6BF00CB2C7A /* UIViewController+JTNavigationExtension.m */; };
		4BDFE7D81CD2F83700CB2C7A /* LXSuperStyleViewController.m in Sources */ = {isa = PBXBuildFile; fileRef = 4BDFE7D71CD2F83700CB2C7A /* LXSuperStyleViewController.m */; };
		4BDFE7DB1CD305A300CB2C7A /* RegisterViewController.m in Sources */ = {isa = PBXBuildFile; fileRef = 4BDFE7DA1CD305A300CB2C7A /* RegisterViewController.m */; };
		4BE88DC31D4DECD300D1E37E /* GoogleService-Info.plist in Resources */ = {isa = PBXBuildFile; fileRef = 4BE88DC21D4DECD300D1E37E /* GoogleService-Info.plist */; };
/* End PBXBuildFile section */

/* Begin PBXContainerItemProxy section */
		4B9006051CD1B6E50063E679 /* PBXContainerItemProxy */ = {
			isa = PBXContainerItemProxy;
			containerPortal = 4B9005E31CD1B6E50063E679 /* Project object */;
			proxyType = 1;
			remoteGlobalIDString = 4B9005EA1CD1B6E50063E679;
			remoteInfo = LXAppFrameworkDemo;
		};
		4B9006101CD1B6E50063E679 /* PBXContainerItemProxy */ = {
			isa = PBXContainerItemProxy;
			containerPortal = 4B9005E31CD1B6E50063E679 /* Project object */;
			proxyType = 1;
			remoteGlobalIDString = 4B9005EA1CD1B6E50063E679;
			remoteInfo = LXAppFrameworkDemo;
		};
/* End PBXContainerItemProxy section */

/* Begin PBXFileReference section */
		4B167B651D4CA94A007D793C /* DataList.plist */ = {isa = PBXFileReference; fileEncoding = 4; lastKnownFileType = text.plist.xml; path = DataList.plist; sourceTree = "<group>"; };
		4B167B6A1D4CAAB5007D793C /* ListModel.h */ = {isa = PBXFileReference; fileEncoding = 4; lastKnownFileType = sourcecode.c.h; path = ListModel.h; sourceTree = "<group>"; };
		4B167B6B1D4CAAB5007D793C /* ListModel.m */ = {isa = PBXFileReference; fileEncoding = 4; lastKnownFileType = sourcecode.c.objc; path = ListModel.m; sourceTree = "<group>"; };
		4B167B6D1D4CAAF7007D793C /* ListCell.h */ = {isa = PBXFileReference; fileEncoding = 4; lastKnownFileType = sourcecode.c.h; path = ListCell.h; sourceTree = "<group>"; };
		4B167B6E1D4CAAF7007D793C /* ListCell.m */ = {isa = PBXFileReference; fileEncoding = 4; lastKnownFileType = sourcecode.c.objc; path = ListCell.m; sourceTree = "<group>"; };
		4B167B6F1D4CAAF7007D793C /* ListCell.xib */ = {isa = PBXFileReference; fileEncoding = 4; lastKnownFileType = file.xib; path = ListCell.xib; sourceTree = "<group>"; };
		4B167B741D4CD838007D793C /* DetailViewController.h */ = {isa = PBXFileReference; fileEncoding = 4; lastKnownFileType = sourcecode.c.h; path = DetailViewController.h; sourceTree = "<group>"; };
		4B167B751D4CD838007D793C /* DetailViewController.m */ = {isa = PBXFileReference; fileEncoding = 4; lastKnownFileType = sourcecode.c.objc; path = DetailViewController.m; sourceTree = "<group>"; };
		4B167B761D4CD838007D793C /* DetailViewController.xib */ = {isa = PBXFileReference; fileEncoding = 4; lastKnownFileType = file.xib; path = DetailViewController.xib; sourceTree = "<group>"; };
		4B167B791D4CE504007D793C /* LXCommonTips.h */ = {isa = PBXFileReference; fileEncoding = 4; lastKnownFileType = sourcecode.c.h; path = LXCommonTips.h; sourceTree = "<group>"; };
		4B167B7A1D4CE504007D793C /* LXCommonTips.m */ = {isa = PBXFileReference; fileEncoding = 4; lastKnownFileType = sourcecode.c.objc; path = LXCommonTips.m; sourceTree = "<group>"; };
		4B167B7F1D4CE9D8007D793C /* UILabel+LXAdd.h */ = {isa = PBXFileReference; fileEncoding = 4; lastKnownFileType = sourcecode.c.h; path = "UILabel+LXAdd.h"; sourceTree = "<group>"; };
		4B167B801D4CE9D8007D793C /* UILabel+LXAdd.m */ = {isa = PBXFileReference; fileEncoding = 4; lastKnownFileType = sourcecode.c.objc; path = "UILabel+LXAdd.m"; sourceTree = "<group>"; };
		4B9005EB1CD1B6E50063E679 /* LXAppFrameworkDemo.app */ = {isa = PBXFileReference; explicitFileType = wrapper.application; includeInIndex = 0; path = LXAppFrameworkDemo.app; sourceTree = BUILT_PRODUCTS_DIR; };
		4B9005EF1CD1B6E50063E679 /* main.m */ = {isa = PBXFileReference; lastKnownFileType = sourcecode.c.objc; path = main.m; sourceTree = "<group>"; };
		4B9005F81CD1B6E50063E679 /* Base */ = {isa = PBXFileReference; lastKnownFileType = file.storyboard; name = Base; path = Base.lproj/Main.storyboard; sourceTree = "<group>"; };
		4B9005FA1CD1B6E50063E679 /* Assets.xcassets */ = {isa = PBXFileReference; lastKnownFileType = folder.assetcatalog; path = Assets.xcassets; sourceTree = "<group>"; };
		4B9005FD1CD1B6E50063E679 /* Base */ = {isa = PBXFileReference; lastKnownFileType = file.storyboard; name = Base; path = Base.lproj/LaunchScreen.storyboard; sourceTree = "<group>"; };
		4B9005FF1CD1B6E50063E679 /* Info.plist */ = {isa = PBXFileReference; lastKnownFileType = text.plist.xml; path = Info.plist; sourceTree = "<group>"; };
		4B9006041CD1B6E50063E679 /* LXAppFrameworkDemoTests.xctest */ = {isa = PBXFileReference; explicitFileType = wrapper.cfbundle; includeInIndex = 0; path = LXAppFrameworkDemoTests.xctest; sourceTree = BUILT_PRODUCTS_DIR; };
		4B9006081CD1B6E50063E679 /* LXAppFrameworkDemoTests.m */ = {isa = PBXFileReference; lastKnownFileType = sourcecode.c.objc; path = LXAppFrameworkDemoTests.m; sourceTree = "<group>"; };
		4B90060A1CD1B6E50063E679 /* Info.plist */ = {isa = PBXFileReference; lastKnownFileType = text.plist.xml; path = Info.plist; sourceTree = "<group>"; };
		4B90060F1CD1B6E50063E679 /* LXAppFrameworkDemoUITests.xctest */ = {isa = PBXFileReference; explicitFileType = wrapper.cfbundle; includeInIndex = 0; path = LXAppFrameworkDemoUITests.xctest; sourceTree = BUILT_PRODUCTS_DIR; };
		4B9006131CD1B6E50063E679 /* LXAppFrameworkDemoUITests.m */ = {isa = PBXFileReference; lastKnownFileType = sourcecode.c.objc; path = LXAppFrameworkDemoUITests.m; sourceTree = "<group>"; };
		4B9006151CD1B6E50063E679 /* Info.plist */ = {isa = PBXFileReference; lastKnownFileType = text.plist.xml; path = Info.plist; sourceTree = "<group>"; };
		4B90062B1CD1BA560063E679 /* AppDelegate.h */ = {isa = PBXFileReference; fileEncoding = 4; lastKnownFileType = sourcecode.c.h; path = AppDelegate.h; sourceTree = "<group>"; };
		4B90062C1CD1BA560063E679 /* AppDelegate.m */ = {isa = PBXFileReference; fileEncoding = 4; lastKnownFileType = sourcecode.c.objc; path = AppDelegate.m; sourceTree = "<group>"; };
		4B9006341CD1D17A0063E679 /* LXTabBarController.h */ = {isa = PBXFileReference; fileEncoding = 4; lastKnownFileType = sourcecode.c.h; path = LXTabBarController.h; sourceTree = "<group>"; };
		4B9006351CD1D17A0063E679 /* LXTabBarController.m */ = {isa = PBXFileReference; fileEncoding = 4; lastKnownFileType = sourcecode.c.objc; path = LXTabBarController.m; sourceTree = "<group>"; };
		4B9006371CD1D3080063E679 /* NTButton.h */ = {isa = PBXFileReference; fileEncoding = 4; lastKnownFileType = sourcecode.c.h; path = NTButton.h; sourceTree = "<group>"; };
		4B9006381CD1D3080063E679 /* NTButton.m */ = {isa = PBXFileReference; fileEncoding = 4; lastKnownFileType = sourcecode.c.objc; path = NTButton.m; sourceTree = "<group>"; };
		4B9006471CD1D6830063E679 /* HomeViewController.h */ = {isa = PBXFileReference; fileEncoding = 4; lastKnownFileType = sourcecode.c.h; path = HomeViewController.h; sourceTree = "<group>"; };
		4B9006481CD1D6830063E679 /* HomeViewController.m */ = {isa = PBXFileReference; fileEncoding = 4; lastKnownFileType = sourcecode.c.objc; path = HomeViewController.m; sourceTree = "<group>"; };
		4B90064A1CD1D6930063E679 /* OthersViewController.h */ = {isa = PBXFileReference; fileEncoding = 4; lastKnownFileType = sourcecode.c.h; path = OthersViewController.h; sourceTree = "<group>"; };
		4B90064B1CD1D6930063E679 /* OthersViewController.m */ = {isa = PBXFileReference; fileEncoding = 4; lastKnownFileType = sourcecode.c.objc; path = OthersViewController.m; sourceTree = "<group>"; };
		4B90064D1CD1D69F0063E679 /* UserViewController.h */ = {isa = PBXFileReference; fileEncoding = 4; lastKnownFileType = sourcecode.c.h; path = UserViewController.h; sourceTree = "<group>"; };
		4B90064E1CD1D69F0063E679 /* UserViewController.m */ = {isa = PBXFileReference; fileEncoding = 4; lastKnownFileType = sourcecode.c.objc; path = UserViewController.m; sourceTree = "<group>"; };
		4B9006501CD1D9700063E679 /* AppSatrt.h */ = {isa = PBXFileReference; fileEncoding = 4; lastKnownFileType = sourcecode.c.h; path = AppSatrt.h; sourceTree = "<group>"; };
		4B9006511CD1D9700063E679 /* AppSatrt.m */ = {isa = PBXFileReference; fileEncoding = 4; lastKnownFileType = sourcecode.c.objc; path = AppSatrt.m; sourceTree = "<group>"; };
		4B9006561CD1E0410063E679 /* LXCommonMacro.h */ = {isa = PBXFileReference; fileEncoding = 4; lastKnownFileType = sourcecode.c.h; path = LXCommonMacro.h; sourceTree = "<group>"; };
		4B9006571CD1E0820063E679 /* ProjectConfigMacro.h */ = {isa = PBXFileReference; lastKnownFileType = sourcecode.c.h; path = ProjectConfigMacro.h; sourceTree = "<group>"; };
		4B9006581CD1E11A0063E679 /* APIConfigMacro.h */ = {isa = PBXFileReference; lastKnownFileType = sourcecode.c.h; path = APIConfigMacro.h; sourceTree = "<group>"; };
		4B9006591CD1E1920063E679 /* PrefixHeader.pch */ = {isa = PBXFileReference; lastKnownFileType = sourcecode.c.h; path = PrefixHeader.pch; sourceTree = "<group>"; };
		4B90065B1CD1EF2E0063E679 /* LXTools.h */ = {isa = PBXFileReference; fileEncoding = 4; lastKnownFileType = sourcecode.c.h; path = LXTools.h; sourceTree = "<group>"; };
		4B90065C1CD1EF2E0063E679 /* LXTools.m */ = {isa = PBXFileReference; fileEncoding = 4; lastKnownFileType = sourcecode.c.objc; path = LXTools.m; sourceTree = "<group>"; };
		4B90065E1CD1EF560063E679 /* LXGuidueViewController.h */ = {isa = PBXFileReference; fileEncoding = 4; lastKnownFileType = sourcecode.c.h; path = LXGuidueViewController.h; sourceTree = "<group>"; };
		4B90065F1CD1EF560063E679 /* LXGuidueViewController.m */ = {isa = PBXFileReference; fileEncoding = 4; lastKnownFileType = sourcecode.c.objc; path = LXGuidueViewController.m; sourceTree = "<group>"; };
		4B9006851CD1FEB40063E679 /* LoginViewController.h */ = {isa = PBXFileReference; fileEncoding = 4; lastKnownFileType = sourcecode.c.h; path = LoginViewController.h; sourceTree = "<group>"; };
		4B9006861CD1FEB40063E679 /* LoginViewController.m */ = {isa = PBXFileReference; fileEncoding = 4; lastKnownFileType = sourcecode.c.objc; path = LoginViewController.m; sourceTree = "<group>"; };
		4B9006871CD1FEB40063E679 /* LoginViewController.xib */ = {isa = PBXFileReference; fileEncoding = 4; lastKnownFileType = file.xib; path = LoginViewController.xib; sourceTree = "<group>"; };
		4BD9ECAF1D72A29500D5A61C /* Default-568h@2x.png */ = {isa = PBXFileReference; lastKnownFileType = image.png; path = "Default-568h@2x.png"; sourceTree = "<group>"; };
		4BD9ECD31D72C88B00D5A61C /* h0.html */ = {isa = PBXFileReference; fileEncoding = 4; lastKnownFileType = text.html; path = h0.html; sourceTree = "<group>"; };
		4BD9ECF51D7322C200D5A61C /* h1.html */ = {isa = PBXFileReference; fileEncoding = 4; lastKnownFileType = text.html; path = h1.html; sourceTree = "<group>"; };
		4BD9ECF61D7322C200D5A61C /* h2.html */ = {isa = PBXFileReference; fileEncoding = 4; lastKnownFileType = text.html; path = h2.html; sourceTree = "<group>"; };
		4BD9ECF71D7322C200D5A61C /* h3.html */ = {isa = PBXFileReference; fileEncoding = 4; lastKnownFileType = text.html; path = h3.html; sourceTree = "<group>"; };
		4BD9ECF81D7322C200D5A61C /* h4.html */ = {isa = PBXFileReference; fileEncoding = 4; lastKnownFileType = text.html; path = h4.html; sourceTree = "<group>"; };
		4BD9ECF91D7322C200D5A61C /* h5.html */ = {isa = PBXFileReference; fileEncoding = 4; lastKnownFileType = text.html; path = h5.html; sourceTree = "<group>"; };
		4BD9ECFA1D7322C200D5A61C /* h6.html */ = {isa = PBXFileReference; fileEncoding = 4; lastKnownFileType = text.html; path = h6.html; sourceTree = "<group>"; };
		4BD9ECFB1D7322C200D5A61C /* h7.html */ = {isa = PBXFileReference; fileEncoding = 4; lastKnownFileType = text.html; path = h7.html; sourceTree = "<group>"; };
		4BD9ECFC1D7322C200D5A61C /* h8.html */ = {isa = PBXFileReference; fileEncoding = 4; lastKnownFileType = text.html; path = h8.html; sourceTree = "<group>"; };
		4BD9ECFD1D7322C200D5A61C /* h9.html */ = {isa = PBXFileReference; fileEncoding = 4; lastKnownFileType = text.html; path = h9.html; sourceTree = "<group>"; };
		4BD9ECFE1D7322C200D5A61C /* h10.html */ = {isa = PBXFileReference; fileEncoding = 4; lastKnownFileType = text.html; path = h10.html; sourceTree = "<group>"; };
		4BD9ECFF1D7322C200D5A61C /* h11.html */ = {isa = PBXFileReference; fileEncoding = 4; lastKnownFileType = text.html; path = h11.html; sourceTree = "<group>"; };
		4BD9ED001D7322C200D5A61C /* h12.html */ = {isa = PBXFileReference; fileEncoding = 4; lastKnownFileType = text.html; path = h12.html; sourceTree = "<group>"; };
		4BD9ED011D7322C200D5A61C /* h13.html */ = {isa = PBXFileReference; fileEncoding = 4; lastKnownFileType = text.html; path = h13.html; sourceTree = "<group>"; };
		4BD9ED021D7322C200D5A61C /* h14.html */ = {isa = PBXFileReference; fileEncoding = 4; lastKnownFileType = text.html; path = h14.html; sourceTree = "<group>"; };
		4BD9ED031D7322C200D5A61C /* h15.html */ = {isa = PBXFileReference; fileEncoding = 4; lastKnownFileType = text.html; path = h15.html; sourceTree = "<group>"; };
		4BD9ED041D7322C200D5A61C /* h16.html */ = {isa = PBXFileReference; fileEncoding = 4; lastKnownFileType = text.html; path = h16.html; sourceTree = "<group>"; };
		4BD9ED051D7322C200D5A61C /* h17.html */ = {isa = PBXFileReference; fileEncoding = 4; lastKnownFileType = text.html; path = h17.html; sourceTree = "<group>"; };
		4BD9ED061D7322C200D5A61C /* h18.html */ = {isa = PBXFileReference; fileEncoding = 4; lastKnownFileType = text.html; path = h18.html; sourceTree = "<group>"; };
		4BD9ED071D7322C200D5A61C /* h19.html */ = {isa = PBXFileReference; fileEncoding = 4; lastKnownFileType = text.html; path = h19.html; sourceTree = "<group>"; };
		4BD9ED081D7322C200D5A61C /* h20.html */ = {isa = PBXFileReference; fileEncoding = 4; lastKnownFileType = text.html; path = h20.html; sourceTree = "<group>"; };
		4BD9ED091D7322C200D5A61C /* h21.html */ = {isa = PBXFileReference; fileEncoding = 4; lastKnownFileType = text.html; path = h21.html; sourceTree = "<group>"; };
		4BD9ED0A1D7322C200D5A61C /* h22.html */ = {isa = PBXFileReference; fileEncoding = 4; lastKnownFileType = text.html; path = h22.html; sourceTree = "<group>"; };
		4BD9ED0B1D7322C200D5A61C /* h23.html */ = {isa = PBXFileReference; fileEncoding = 4; lastKnownFileType = text.html; path = h23.html; sourceTree = "<group>"; };
		4BD9ED0C1D7322C200D5A61C /* h24.html */ = {isa = PBXFileReference; fileEncoding = 4; lastKnownFileType = text.html; path = h24.html; sourceTree = "<group>"; };
		4BD9ED0D1D7322C200D5A61C /* h25.html */ = {isa = PBXFileReference; fileEncoding = 4; lastKnownFileType = text.html; path = h25.html; sourceTree = "<group>"; };
		4BD9ED0E1D7322C200D5A61C /* h26.html */ = {isa = PBXFileReference; fileEncoding = 4; lastKnownFileType = text.html; path = h26.html; sourceTree = "<group>"; };
		4BD9ED0F1D7322C200D5A61C /* h27.html */ = {isa = PBXFileReference; fileEncoding = 4; lastKnownFileType = text.html; path = h27.html; sourceTree = "<group>"; };
		4BD9ED101D7322C200D5A61C /* h28.html */ = {isa = PBXFileReference; fileEncoding = 4; lastKnownFileType = text.html; path = h28.html; sourceTree = "<group>"; };
		4BD9ED111D7322C200D5A61C /* h29.html */ = {isa = PBXFileReference; fileEncoding = 4; lastKnownFileType = text.html; path = h29.html; sourceTree = "<group>"; };
		4BD9ED121D7322C200D5A61C /* h30.html */ = {isa = PBXFileReference; fileEncoding = 4; lastKnownFileType = text.html; path = h30.html; sourceTree = "<group>"; };
		4BD9ED131D7322C200D5A61C /* h31.html */ = {isa = PBXFileReference; fileEncoding = 4; lastKnownFileType = text.html; path = h31.html; sourceTree = "<group>"; };
		4BD9ED141D7322C200D5A61C /* h32.html */ = {isa = PBXFileReference; fileEncoding = 4; lastKnownFileType = text.html; path = h32.html; sourceTree = "<group>"; };
		4BD9ED151D7322C200D5A61C /* h33.html */ = {isa = PBXFileReference; fileEncoding = 4; lastKnownFileType = text.html; path = h33.html; sourceTree = "<group>"; };
		4BD9ED161D7322C200D5A61C /* h34.html */ = {isa = PBXFileReference; fileEncoding = 4; lastKnownFileType = text.html; path = h34.html; sourceTree = "<group>"; };
		4BD9ED171D7322C200D5A61C /* h35.html */ = {isa = PBXFileReference; fileEncoding = 4; lastKnownFileType = text.html; path = h35.html; sourceTree = "<group>"; };
		4BDFE7D01CD2F6BF00CB2C7A /* JTNavigationController.h */ = {isa = PBXFileReference; fileEncoding = 4; lastKnownFileType = sourcecode.c.h; path = JTNavigationController.h; sourceTree = "<group>"; };
		4BDFE7D11CD2F6BF00CB2C7A /* JTNavigationController.m */ = {isa = PBXFileReference; fileEncoding = 4; lastKnownFileType = sourcecode.c.objc; path = JTNavigationController.m; sourceTree = "<group>"; };
		4BDFE7D21CD2F6BF00CB2C7A /* UIViewController+JTNavigationExtension.h */ = {isa = PBXFileReference; fileEncoding = 4; lastKnownFileType = sourcecode.c.h; path = "UIViewController+JTNavigationExtension.h"; sourceTree = "<group>"; };
		4BDFE7D31CD2F6BF00CB2C7A /* UIViewController+JTNavigationExtension.m */ = {isa = PBXFileReference; fileEncoding = 4; lastKnownFileType = sourcecode.c.objc; path = "UIViewController+JTNavigationExtension.m"; sourceTree = "<group>"; };
		4BDFE7D61CD2F83700CB2C7A /* LXSuperStyleViewController.h */ = {isa = PBXFileReference; fileEncoding = 4; lastKnownFileType = sourcecode.c.h; path = LXSuperStyleViewController.h; sourceTree = "<group>"; };
		4BDFE7D71CD2F83700CB2C7A /* LXSuperStyleViewController.m */ = {isa = PBXFileReference; fileEncoding = 4; lastKnownFileType = sourcecode.c.objc; path = LXSuperStyleViewController.m; sourceTree = "<group>"; };
		4BDFE7D91CD305A300CB2C7A /* RegisterViewController.h */ = {isa = PBXFileReference; fileEncoding = 4; lastKnownFileType = sourcecode.c.h; path = RegisterViewController.h; sourceTree = "<group>"; };
		4BDFE7DA1CD305A300CB2C7A /* RegisterViewController.m */ = {isa = PBXFileReference; fileEncoding = 4; lastKnownFileType = sourcecode.c.objc; path = RegisterViewController.m; sourceTree = "<group>"; };
		4BE88DC21D4DECD300D1E37E /* GoogleService-Info.plist */ = {isa = PBXFileReference; fileEncoding = 4; lastKnownFileType = text.plist.xml; path = "GoogleService-Info.plist"; sourceTree = "<group>"; };
		5B8ECC707D01CE2ECB845E36 /* libPods.a */ = {isa = PBXFileReference; explicitFileType = archive.ar; includeInIndex = 0; path = libPods.a; sourceTree = BUILT_PRODUCTS_DIR; };
		77B7D893D565A04A4F3A56FD /* Pods.debug.xcconfig */ = {isa = PBXFileReference; includeInIndex = 1; lastKnownFileType = text.xcconfig; name = Pods.debug.xcconfig; path = "Pods/Target Support Files/Pods/Pods.debug.xcconfig"; sourceTree = "<group>"; };
		B1F0AD44AE391AF39944EE79 /* Pods.release.xcconfig */ = {isa = PBXFileReference; includeInIndex = 1; lastKnownFileType = text.xcconfig; name = Pods.release.xcconfig; path = "Pods/Target Support Files/Pods/Pods.release.xcconfig"; sourceTree = "<group>"; };
/* End PBXFileReference section */

/* Begin PBXFrameworksBuildPhase section */
		4B9005E81CD1B6E50063E679 /* Frameworks */ = {
			isa = PBXFrameworksBuildPhase;
			buildActionMask = 2147483647;
			files = (
				0B0480AA26D9D7BB0737A985 /* libPods.a in Frameworks */,
			);
			runOnlyForDeploymentPostprocessing = 0;
		};
		4B9006011CD1B6E50063E679 /* Frameworks */ = {
			isa = PBXFrameworksBuildPhase;
			buildActionMask = 2147483647;
			files = (
			);
			runOnlyForDeploymentPostprocessing = 0;
		};
		4B90060C1CD1B6E50063E679 /* Frameworks */ = {
			isa = PBXFrameworksBuildPhase;
			buildActionMask = 2147483647;
			files = (
			);
			runOnlyForDeploymentPostprocessing = 0;
		};
/* End PBXFrameworksBuildPhase section */

/* Begin PBXGroup section */
		4B9005E21CD1B6E50063E679 = {
			isa = PBXGroup;
			children = (
				4B9005ED1CD1B6E50063E679 /* LXAppFrameworkDemo */,
				4B9006071CD1B6E50063E679 /* LXAppFrameworkDemoTests */,
				4B9006121CD1B6E50063E679 /* LXAppFrameworkDemoUITests */,
				4B9005EC1CD1B6E50063E679 /* Products */,
				F8131916969267033EAD73F6 /* Pods */,
				D90ADC7F1FB3B6BEC9273364 /* Frameworks */,
			);
			sourceTree = "<group>";
		};
		4B9005EC1CD1B6E50063E679 /* Products */ = {
			isa = PBXGroup;
			children = (
				4B9005EB1CD1B6E50063E679 /* LXAppFrameworkDemo.app */,
				4B9006041CD1B6E50063E679 /* LXAppFrameworkDemoTests.xctest */,
				4B90060F1CD1B6E50063E679 /* LXAppFrameworkDemoUITests.xctest */,
			);
			name = Products;
			sourceTree = "<group>";
		};
		4B9005ED1CD1B6E50063E679 /* LXAppFrameworkDemo */ = {
			isa = PBXGroup;
			children = (
				4B90062A1CD1BA560063E679 /* AppDelegate */,
				4B9006211CD1BA190063E679 /* Class */,
				4B9006291CD1BA190063E679 /* Framework */,
				4B90062F1CD1C00B0063E679 /* Resource */,
				4B9005EE1CD1B6E50063E679 /* Supporting Files */,
			);
			path = LXAppFrameworkDemo;
			sourceTree = "<group>";
		};
		4B9005EE1CD1B6E50063E679 /* Supporting Files */ = {
			isa = PBXGroup;
			children = (
				4BE88DC21D4DECD300D1E37E /* GoogleService-Info.plist */,
				4B9005F71CD1B6E50063E679 /* Main.storyboard */,
				4B9005FA1CD1B6E50063E679 /* Assets.xcassets */,
				4B9005FC1CD1B6E50063E679 /* LaunchScreen.storyboard */,
				4B9005FF1CD1B6E50063E679 /* Info.plist */,
				4B9005EF1CD1B6E50063E679 /* main.m */,
				4B9006591CD1E1920063E679 /* PrefixHeader.pch */,
				4B167B651D4CA94A007D793C /* DataList.plist */,
			);
			name = "Supporting Files";
			sourceTree = "<group>";
		};
		4B9006071CD1B6E50063E679 /* LXAppFrameworkDemoTests */ = {
			isa = PBXGroup;
			children = (
				4B9006081CD1B6E50063E679 /* LXAppFrameworkDemoTests.m */,
				4B90060A1CD1B6E50063E679 /* Info.plist */,
			);
			path = LXAppFrameworkDemoTests;
			sourceTree = "<group>";
		};
		4B9006121CD1B6E50063E679 /* LXAppFrameworkDemoUITests */ = {
			isa = PBXGroup;
			children = (
				4B9006131CD1B6E50063E679 /* LXAppFrameworkDemoUITests.m */,
				4B9006151CD1B6E50063E679 /* Info.plist */,
			);
			path = LXAppFrameworkDemoUITests;
			sourceTree = "<group>";
		};
		4B9006211CD1BA190063E679 /* Class */ = {
			isa = PBXGroup;
			children = (
				4B90063A1CD1D5790063E679 /* Login */,
				4B9006261CD1BA190063E679 /* Home */,
				4B9006271CD1BA190063E679 /* Other */,
				4B9006281CD1BA190063E679 /* User */,
				4B9006221CD1BA190063E679 /* Extention */,
			);
			path = Class;
			sourceTree = "<group>";
		};
		4B9006221CD1BA190063E679 /* Extention */ = {
			isa = PBXGroup;
			children = (
				4B9006321CD1C44B0063E679 /* Base */,
				4B90062E1CD1BF4D0063E679 /* Macro */,
				4B9006231CD1BA190063E679 /* Categories */,
				4B9006241CD1BA190063E679 /* Lib */,
				4B9006251CD1BA190063E679 /* Tools */,
			);
			path = Extention;
			sourceTree = "<group>";
		};
		4B9006231CD1BA190063E679 /* Categories */ = {
			isa = PBXGroup;
			children = (
				4B167B7F1D4CE9D8007D793C /* UILabel+LXAdd.h */,
				4B167B801D4CE9D8007D793C /* UILabel+LXAdd.m */,
			);
			path = Categories;
			sourceTree = "<group>";
		};
		4B9006241CD1BA190063E679 /* Lib */ = {
			isa = PBXGroup;
			children = (
				4BDFE7CF1CD2F6BF00CB2C7A /* JTNavController */,
			);
			path = Lib;
			sourceTree = "<group>";
		};
		4B9006251CD1BA190063E679 /* Tools */ = {
			isa = PBXGroup;
			children = (
				4B90065A1CD1EF2E0063E679 /* LXTools */,
			);
			path = Tools;
			sourceTree = "<group>";
		};
		4B9006261CD1BA190063E679 /* Home */ = {
			isa = PBXGroup;
			children = (
				4B90063B1CD1D6230063E679 /* Controls */,
				4B90063C1CD1D6230063E679 /* Models */,
				4B90063D1CD1D6230063E679 /* Views */,
			);
			path = Home;
			sourceTree = "<group>";
		};
		4B9006271CD1BA190063E679 /* Other */ = {
			isa = PBXGroup;
			children = (
				4B9006411CD1D6340063E679 /* Controls */,
				4B9006421CD1D6340063E679 /* Models */,
				4B9006431CD1D6340063E679 /* Views */,
			);
			path = Other;
			sourceTree = "<group>";
		};
		4B9006281CD1BA190063E679 /* User */ = {
			isa = PBXGroup;
			children = (
				4B9006441CD1D64B0063E679 /* Controls */,
				4B9006451CD1D64B0063E679 /* Models */,
				4B9006461CD1D64B0063E679 /* Views */,
			);
			path = User;
			sourceTree = "<group>";
		};
		4B9006291CD1BA190063E679 /* Framework */ = {
			isa = PBXGroup;
			children = (
			);
			path = Framework;
			sourceTree = "<group>";
		};
		4B90062A1CD1BA560063E679 /* AppDelegate */ = {
			isa = PBXGroup;
			children = (
				4B90062B1CD1BA560063E679 /* AppDelegate.h */,
				4B90062C1CD1BA560063E679 /* AppDelegate.m */,
				4B9006501CD1D9700063E679 /* AppSatrt.h */,
				4B9006511CD1D9700063E679 /* AppSatrt.m */,
			);
			path = AppDelegate;
			sourceTree = "<group>";
		};
		4B90062E1CD1BF4D0063E679 /* Macro */ = {
			isa = PBXGroup;
			children = (
				4B9006561CD1E0410063E679 /* LXCommonMacro.h */,
				4B9006571CD1E0820063E679 /* ProjectConfigMacro.h */,
				4B9006581CD1E11A0063E679 /* APIConfigMacro.h */,
			);
			path = Macro;
			sourceTree = "<group>";
		};
		4B90062F1CD1C00B0063E679 /* Resource */ = {
			isa = PBXGroup;
			children = (
				4B9006311CD1C0630063E679 /* others */,
				4B9006301CD1C00B0063E679 /* Images */,
			);
			path = Resource;
			sourceTree = "<group>";
		};
		4B9006301CD1C00B0063E679 /* Images */ = {
			isa = PBXGroup;
			children = (
				4BD9ECAF1D72A29500D5A61C /* Default-568h@2x.png */,
			);
			path = Images;
			sourceTree = "<group>";
		};
		4B9006311CD1C0630063E679 /* others */ = {
			isa = PBXGroup;
			children = (
				4BD9ECD31D72C88B00D5A61C /* h0.html */,
				4BD9ECF51D7322C200D5A61C /* h1.html */,
				4BD9ECF61D7322C200D5A61C /* h2.html */,
				4BD9ECF71D7322C200D5A61C /* h3.html */,
				4BD9ECF81D7322C200D5A61C /* h4.html */,
				4BD9ECF91D7322C200D5A61C /* h5.html */,
				4BD9ECFA1D7322C200D5A61C /* h6.html */,
				4BD9ECFB1D7322C200D5A61C /* h7.html */,
				4BD9ECFC1D7322C200D5A61C /* h8.html */,
				4BD9ECFD1D7322C200D5A61C /* h9.html */,
				4BD9ECFE1D7322C200D5A61C /* h10.html */,
				4BD9ECFF1D7322C200D5A61C /* h11.html */,
				4BD9ED001D7322C200D5A61C /* h12.html */,
				4BD9ED011D7322C200D5A61C /* h13.html */,
				4BD9ED021D7322C200D5A61C /* h14.html */,
				4BD9ED031D7322C200D5A61C /* h15.html */,
				4BD9ED041D7322C200D5A61C /* h16.html */,
				4BD9ED051D7322C200D5A61C /* h17.html */,
				4BD9ED061D7322C200D5A61C /* h18.html */,
				4BD9ED071D7322C200D5A61C /* h19.html */,
				4BD9ED081D7322C200D5A61C /* h20.html */,
				4BD9ED091D7322C200D5A61C /* h21.html */,
				4BD9ED0A1D7322C200D5A61C /* h22.html */,
				4BD9ED0B1D7322C200D5A61C /* h23.html */,
				4BD9ED0C1D7322C200D5A61C /* h24.html */,
				4BD9ED0D1D7322C200D5A61C /* h25.html */,
				4BD9ED0E1D7322C200D5A61C /* h26.html */,
				4BD9ED0F1D7322C200D5A61C /* h27.html */,
				4BD9ED101D7322C200D5A61C /* h28.html */,
				4BD9ED111D7322C200D5A61C /* h29.html */,
				4BD9ED121D7322C200D5A61C /* h30.html */,
				4BD9ED131D7322C200D5A61C /* h31.html */,
				4BD9ED141D7322C200D5A61C /* h32.html */,
				4BD9ED151D7322C200D5A61C /* h33.html */,
				4BD9ED161D7322C200D5A61C /* h34.html */,
				4BD9ED171D7322C200D5A61C /* h35.html */,
			);
			path = others;
			sourceTree = "<group>";
		};
		4B9006321CD1C44B0063E679 /* Base */ = {
			isa = PBXGroup;
			children = (
				4B9006331CD1C57D0063E679 /* LXCustomNav */,
			);
			path = Base;
			sourceTree = "<group>";
		};
		4B9006331CD1C57D0063E679 /* LXCustomNav */ = {
			isa = PBXGroup;
			children = (
				4B9006371CD1D3080063E679 /* NTButton.h */,
				4B9006381CD1D3080063E679 /* NTButton.m */,
				4B9006341CD1D17A0063E679 /* LXTabBarController.h */,
				4B9006351CD1D17A0063E679 /* LXTabBarController.m */,
				4BDFE7D61CD2F83700CB2C7A /* LXSuperStyleViewController.h */,
				4BDFE7D71CD2F83700CB2C7A /* LXSuperStyleViewController.m */,
			);
			path = LXCustomNav;
			sourceTree = "<group>";
		};
		4B90063A1CD1D5790063E679 /* Login */ = {
			isa = PBXGroup;
			children = (
				4B90063E1CD1D62C0063E679 /* Controls */,
				4B90063F1CD1D62C0063E679 /* Models */,
				4B9006401CD1D62C0063E679 /* Views */,
			);
			path = Login;
			sourceTree = "<group>";
		};
		4B90063B1CD1D6230063E679 /* Controls */ = {
			isa = PBXGroup;
			children = (
				4B9006471CD1D6830063E679 /* HomeViewController.h */,
				4B9006481CD1D6830063E679 /* HomeViewController.m */,
				4B167B741D4CD838007D793C /* DetailViewController.h */,
				4B167B751D4CD838007D793C /* DetailViewController.m */,
				4B167B761D4CD838007D793C /* DetailViewController.xib */,
			);
			path = Controls;
			sourceTree = "<group>";
		};
		4B90063C1CD1D6230063E679 /* Models */ = {
			isa = PBXGroup;
			children = (
				4B167B6A1D4CAAB5007D793C /* ListModel.h */,
				4B167B6B1D4CAAB5007D793C /* ListModel.m */,
			);
			path = Models;
			sourceTree = "<group>";
		};
		4B90063D1CD1D6230063E679 /* Views */ = {
			isa = PBXGroup;
			children = (
				4B167B6D1D4CAAF7007D793C /* ListCell.h */,
				4B167B6E1D4CAAF7007D793C /* ListCell.m */,
				4B167B6F1D4CAAF7007D793C /* ListCell.xib */,
			);
			path = Views;
			sourceTree = "<group>";
		};
		4B90063E1CD1D62C0063E679 /* Controls */ = {
			isa = PBXGroup;
			children = (
				4B9006851CD1FEB40063E679 /* LoginViewController.h */,
				4B9006861CD1FEB40063E679 /* LoginViewController.m */,
				4B9006871CD1FEB40063E679 /* LoginViewController.xib */,
				4BDFE7D91CD305A300CB2C7A /* RegisterViewController.h */,
				4BDFE7DA1CD305A300CB2C7A /* RegisterViewController.m */,
			);
			path = Controls;
			sourceTree = "<group>";
		};
		4B90063F1CD1D62C0063E679 /* Models */ = {
			isa = PBXGroup;
			children = (
			);
			path = Models;
			sourceTree = "<group>";
		};
		4B9006401CD1D62C0063E679 /* Views */ = {
			isa = PBXGroup;
			children = (
			);
			path = Views;
			sourceTree = "<group>";
		};
		4B9006411CD1D6340063E679 /* Controls */ = {
			isa = PBXGroup;
			children = (
				4B90064A1CD1D6930063E679 /* OthersViewController.h */,
				4B90064B1CD1D6930063E679 /* OthersViewController.m */,
			);
			path = Controls;
			sourceTree = "<group>";
		};
		4B9006421CD1D6340063E679 /* Models */ = {
			isa = PBXGroup;
			children = (
			);
			path = Models;
			sourceTree = "<group>";
		};
		4B9006431CD1D6340063E679 /* Views */ = {
			isa = PBXGroup;
			children = (
			);
			path = Views;
			sourceTree = "<group>";
		};
		4B9006441CD1D64B0063E679 /* Controls */ = {
			isa = PBXGroup;
			children = (
				4B90064D1CD1D69F0063E679 /* UserViewController.h */,
				4B90064E1CD1D69F0063E679 /* UserViewController.m */,
			);
			path = Controls;
			sourceTree = "<group>";
		};
		4B9006451CD1D64B0063E679 /* Models */ = {
			isa = PBXGroup;
			children = (
			);
			path = Models;
			sourceTree = "<group>";
		};
		4B9006461CD1D64B0063E679 /* Views */ = {
			isa = PBXGroup;
			children = (
			);
			path = Views;
			sourceTree = "<group>";
		};
		4B90065A1CD1EF2E0063E679 /* LXTools */ = {
			isa = PBXGroup;
			children = (
				4B167B791D4CE504007D793C /* LXCommonTips.h */,
				4B167B7A1D4CE504007D793C /* LXCommonTips.m */,
				4B90065B1CD1EF2E0063E679 /* LXTools.h */,
				4B90065C1CD1EF2E0063E679 /* LXTools.m */,
				4B90065E1CD1EF560063E679 /* LXGuidueViewController.h */,
				4B90065F1CD1EF560063E679 /* LXGuidueViewController.m */,
			);
			path = LXTools;
			sourceTree = "<group>";
		};
		4BDFE7CF1CD2F6BF00CB2C7A /* JTNavController */ = {
			isa = PBXGroup;
			children = (
				4BDFE7D01CD2F6BF00CB2C7A /* JTNavigationController.h */,
				4BDFE7D11CD2F6BF00CB2C7A /* JTNavigationController.m */,
				4BDFE7D21CD2F6BF00CB2C7A /* UIViewController+JTNavigationExtension.h */,
				4BDFE7D31CD2F6BF00CB2C7A /* UIViewController+JTNavigationExtension.m */,
			);
			path = JTNavController;
			sourceTree = "<group>";
		};
		D90ADC7F1FB3B6BEC9273364 /* Frameworks */ = {
			isa = PBXGroup;
			children = (
				5B8ECC707D01CE2ECB845E36 /* libPods.a */,
			);
			name = Frameworks;
			sourceTree = "<group>";
		};
		F8131916969267033EAD73F6 /* Pods */ = {
			isa = PBXGroup;
			children = (
				77B7D893D565A04A4F3A56FD /* Pods.debug.xcconfig */,
				B1F0AD44AE391AF39944EE79 /* Pods.release.xcconfig */,
			);
			name = Pods;
			sourceTree = "<group>";
		};
/* End PBXGroup section */

/* Begin PBXNativeTarget section */
		4B9005EA1CD1B6E50063E679 /* LXAppFrameworkDemo */ = {
			isa = PBXNativeTarget;
			buildConfigurationList = 4B9006181CD1B6E50063E679 /* Build configuration list for PBXNativeTarget "LXAppFrameworkDemo" */;
			buildPhases = (
				B610E07CFFDADF93D87D57B2 /* Check Pods Manifest.lock */,
				4B9005E71CD1B6E50063E679 /* Sources */,
				4B9005E81CD1B6E50063E679 /* Frameworks */,
				4B9005E91CD1B6E50063E679 /* Resources */,
				07CCD8622024D0F5A719B29F /* Embed Pods Frameworks */,
				0E2948F06D570B8B072FB8FE /* Copy Pods Resources */,
			);
			buildRules = (
			);
			dependencies = (
			);
			name = LXAppFrameworkDemo;
			productName = LXAppFrameworkDemo;
			productReference = 4B9005EB1CD1B6E50063E679 /* LXAppFrameworkDemo.app */;
			productType = "com.apple.product-type.application";
		};
		4B9006031CD1B6E50063E679 /* LXAppFrameworkDemoTests */ = {
			isa = PBXNativeTarget;
			buildConfigurationList = 4B90061B1CD1B6E50063E679 /* Build configuration list for PBXNativeTarget "LXAppFrameworkDemoTests" */;
			buildPhases = (
				4B9006001CD1B6E50063E679 /* Sources */,
				4B9006011CD1B6E50063E679 /* Frameworks */,
				4B9006021CD1B6E50063E679 /* Resources */,
			);
			buildRules = (
			);
			dependencies = (
				4B9006061CD1B6E50063E679 /* PBXTargetDependency */,
			);
			name = LXAppFrameworkDemoTests;
			productName = LXAppFrameworkDemoTests;
			productReference = 4B9006041CD1B6E50063E679 /* LXAppFrameworkDemoTests.xctest */;
			productType = "com.apple.product-type.bundle.unit-test";
		};
		4B90060E1CD1B6E50063E679 /* LXAppFrameworkDemoUITests */ = {
			isa = PBXNativeTarget;
			buildConfigurationList = 4B90061E1CD1B6E50063E679 /* Build configuration list for PBXNativeTarget "LXAppFrameworkDemoUITests" */;
			buildPhases = (
				4B90060B1CD1B6E50063E679 /* Sources */,
				4B90060C1CD1B6E50063E679 /* Frameworks */,
				4B90060D1CD1B6E50063E679 /* Resources */,
			);
			buildRules = (
			);
			dependencies = (
				4B9006111CD1B6E50063E679 /* PBXTargetDependency */,
			);
			name = LXAppFrameworkDemoUITests;
			productName = LXAppFrameworkDemoUITests;
			productReference = 4B90060F1CD1B6E50063E679 /* LXAppFrameworkDemoUITests.xctest */;
			productType = "com.apple.product-type.bundle.ui-testing";
		};
/* End PBXNativeTarget section */

/* Begin PBXProject section */
		4B9005E31CD1B6E50063E679 /* Project object */ = {
			isa = PBXProject;
			attributes = {
				LastUpgradeCheck = 0730;
				ORGANIZATIONNAME = liuxin;
				TargetAttributes = {
					4B9005EA1CD1B6E50063E679 = {
						CreatedOnToolsVersion = 7.3;
						DevelopmentTeam = 8T6LNCF9HF;
					};
					4B9006031CD1B6E50063E679 = {
						CreatedOnToolsVersion = 7.3;
						TestTargetID = 4B9005EA1CD1B6E50063E679;
					};
					4B90060E1CD1B6E50063E679 = {
						CreatedOnToolsVersion = 7.3;
						TestTargetID = 4B9005EA1CD1B6E50063E679;
					};
				};
			};
			buildConfigurationList = 4B9005E61CD1B6E50063E679 /* Build configuration list for PBXProject "LXAppFrameworkDemo" */;
			compatibilityVersion = "Xcode 3.2";
			developmentRegion = English;
			hasScannedForEncodings = 0;
			knownRegions = (
				en,
				Base,
			);
			mainGroup = 4B9005E21CD1B6E50063E679;
			productRefGroup = 4B9005EC1CD1B6E50063E679 /* Products */;
			projectDirPath = "";
			projectRoot = "";
			targets = (
				4B9005EA1CD1B6E50063E679 /* LXAppFrameworkDemo */,
				4B9006031CD1B6E50063E679 /* LXAppFrameworkDemoTests */,
				4B90060E1CD1B6E50063E679 /* LXAppFrameworkDemoUITests */,
			);
		};
/* End PBXProject section */

/* Begin PBXResourcesBuildPhase section */
		4B9005E91CD1B6E50063E679 /* Resources */ = {
			isa = PBXResourcesBuildPhase;
			buildActionMask = 2147483647;
			files = (
				4BD9ED361D7322C200D5A61C /* h31.html in Resources */,
				4BD9ED201D7322C200D5A61C /* h9.html in Resources */,
				4BD9ED1F1D7322C200D5A61C /* h8.html in Resources */,
				4BD9ED231D7322C200D5A61C /* h12.html in Resources */,
				4BD9ED1C1D7322C200D5A61C /* h5.html in Resources */,
				4BD9ED1B1D7322C200D5A61C /* h4.html in Resources */,
				4BD9ED281D7322C200D5A61C /* h17.html in Resources */,
				4BD9ED1A1D7322C200D5A61C /* h3.html in Resources */,
				4BD9ED371D7322C200D5A61C /* h32.html in Resources */,
				4BD9ED221D7322C200D5A61C /* h11.html in Resources */,
				4BD9ED261D7322C200D5A61C /* h15.html in Resources */,
				4BD9ED2A1D7322C200D5A61C /* h19.html in Resources */,
				4BD9ED2C1D7322C200D5A61C /* h21.html in Resources */,
				4BD9ED191D7322C200D5A61C /* h2.html in Resources */,
				4BD9ED251D7322C200D5A61C /* h14.html in Resources */,
				4BD9ECD41D72C88B00D5A61C /* h0.html in Resources */,
				4BD9ED291D7322C200D5A61C /* h18.html in Resources */,
				4BD9ECB01D72A29500D5A61C /* Default-568h@2x.png in Resources */,
				4BD9ED391D7322C200D5A61C /* h34.html in Resources */,
				4B167B661D4CA94A007D793C /* DataList.plist in Resources */,
				4BD9ED301D7322C200D5A61C /* h25.html in Resources */,
				4BE88DC31D4DECD300D1E37E /* GoogleService-Info.plist in Resources */,
				4BD9ED2B1D7322C200D5A61C /* h20.html in Resources */,
				4BD9ED1D1D7322C200D5A61C /* h6.html in Resources */,
				4B167B711D4CAAF7007D793C /* ListCell.xib in Resources */,
				4BD9ED351D7322C200D5A61C /* h30.html in Resources */,
				4BD9ED241D7322C200D5A61C /* h13.html in Resources */,
				4BD9ED311D7322C200D5A61C /* h26.html in Resources */,
				4BD9ED211D7322C200D5A61C /* h10.html in Resources */,
				4BD9ED2F1D7322C200D5A61C /* h24.html in Resources */,
				4BD9ED2D1D7322C200D5A61C /* h22.html in Resources */,
				4B167B781D4CD838007D793C /* DetailViewController.xib in Resources */,
				4BD9ED3A1D7322C200D5A61C /* h35.html in Resources */,
				4BD9ED321D7322C200D5A61C /* h27.html in Resources */,
				4BD9ED381D7322C200D5A61C /* h33.html in Resources */,
				4B9006891CD1FEB40063E679 /* LoginViewController.xib in Resources */,
				4B9005FE1CD1B6E50063E679 /* LaunchScreen.storyboard in Resources */,
				4BD9ED1E1D7322C200D5A61C /* h7.html in Resources */,
				4BD9ED271D7322C200D5A61C /* h16.html in Resources */,
				4B9005FB1CD1B6E50063E679 /* Assets.xcassets in Resources */,
				4B9005F91CD1B6E50063E679 /* Main.storyboard in Resources */,
				4BD9ED341D7322C200D5A61C /* h29.html in Resources */,
				4BD9ED331D7322C200D5A61C /* h28.html in Resources */,
				4BD9ED181D7322C200D5A61C /* h1.html in Resources */,
				4BD9ED2E1D7322C200D5A61C /* h23.html in Resources */,
			);
			runOnlyForDeploymentPostprocessing = 0;
		};
		4B9006021CD1B6E50063E679 /* Resources */ = {
			isa = PBXResourcesBuildPhase;
			buildActionMask = 2147483647;
			files = (
			);
			runOnlyForDeploymentPostprocessing = 0;
		};
		4B90060D1CD1B6E50063E679 /* Resources */ = {
			isa = PBXResourcesBuildPhase;
			buildActionMask = 2147483647;
			files = (
			);
			runOnlyForDeploymentPostprocessing = 0;
		};
/* End PBXResourcesBuildPhase section */

/* Begin PBXShellScriptBuildPhase section */
		07CCD8622024D0F5A719B29F /* Embed Pods Frameworks */ = {
			isa = PBXShellScriptBuildPhase;
			buildActionMask = 2147483647;
			files = (
			);
			inputPaths = (
			);
			name = "Embed Pods Frameworks";
			outputPaths = (
			);
			runOnlyForDeploymentPostprocessing = 0;
			shellPath = /bin/sh;
			shellScript = "\"${SRCROOT}/Pods/Target Support Files/Pods/Pods-frameworks.sh\"\n";
			showEnvVarsInLog = 0;
		};
		0E2948F06D570B8B072FB8FE /* Copy Pods Resources */ = {
			isa = PBXShellScriptBuildPhase;
			buildActionMask = 2147483647;
			files = (
			);
			inputPaths = (
			);
			name = "Copy Pods Resources";
			outputPaths = (
			);
			runOnlyForDeploymentPostprocessing = 0;
			shellPath = /bin/sh;
			shellScript = "\"${SRCROOT}/Pods/Target Support Files/Pods/Pods-resources.sh\"\n";
			showEnvVarsInLog = 0;
		};
		B610E07CFFDADF93D87D57B2 /* Check Pods Manifest.lock */ = {
			isa = PBXShellScriptBuildPhase;
			buildActionMask = 2147483647;
			files = (
			);
			inputPaths = (
			);
			name = "Check Pods Manifest.lock";
			outputPaths = (
			);
			runOnlyForDeploymentPostprocessing = 0;
			shellPath = /bin/sh;
			shellScript = "diff \"${PODS_ROOT}/../Podfile.lock\" \"${PODS_ROOT}/Manifest.lock\" > /dev/null\nif [[ $? != 0 ]] ; then\n    cat << EOM\nerror: The sandbox is not in sync with the Podfile.lock. Run 'pod install' or update your CocoaPods installation.\nEOM\n    exit 1\nfi\n";
			showEnvVarsInLog = 0;
		};
/* End PBXShellScriptBuildPhase section */

/* Begin PBXSourcesBuildPhase section */
		4B9005E71CD1B6E50063E679 /* Sources */ = {
			isa = PBXSourcesBuildPhase;
			buildActionMask = 2147483647;
			files = (
				4B90064F1CD1D69F0063E679 /* UserViewController.m in Sources */,
				4B90062D1CD1BA560063E679 /* AppDelegate.m in Sources */,
				4BDFE7D51CD2F6BF00CB2C7A /* UIViewController+JTNavigationExtension.m in Sources */,
				4B167B6C1D4CAAB5007D793C /* ListModel.m in Sources */,
				4B9005F01CD1B6E50063E679 /* main.m in Sources */,
				4BDFE7D81CD2F83700CB2C7A /* LXSuperStyleViewController.m in Sources */,
				4B9006361CD1D17A0063E679 /* LXTabBarController.m in Sources */,
				4B167B7B1D4CE504007D793C /* LXCommonTips.m in Sources */,
				4B167B811D4CE9D8007D793C /* UILabel+LXAdd.m in Sources */,
				4BDFE7D41CD2F6BF00CB2C7A /* JTNavigationController.m in Sources */,
				4B9006881CD1FEB40063E679 /* LoginViewController.m in Sources */,
				4B90065D1CD1EF2E0063E679 /* LXTools.m in Sources */,
				4B9006601CD1EF560063E679 /* LXGuidueViewController.m in Sources */,
				4B167B771D4CD838007D793C /* DetailViewController.m in Sources */,
				4B167B701D4CAAF7007D793C /* ListCell.m in Sources */,
				4BDFE7DB1CD305A300CB2C7A /* RegisterViewController.m in Sources */,
				4B9006521CD1D9700063E679 /* AppSatrt.m in Sources */,
				4B90064C1CD1D6930063E679 /* OthersViewController.m in Sources */,
				4B9006491CD1D6830063E679 /* HomeViewController.m in Sources */,
				4B9006391CD1D3080063E679 /* NTButton.m in Sources */,
			);
			runOnlyForDeploymentPostprocessing = 0;
		};
		4B9006001CD1B6E50063E679 /* Sources */ = {
			isa = PBXSourcesBuildPhase;
			buildActionMask = 2147483647;
			files = (
				4B9006091CD1B6E50063E679 /* LXAppFrameworkDemoTests.m in Sources */,
			);
			runOnlyForDeploymentPostprocessing = 0;
		};
		4B90060B1CD1B6E50063E679 /* Sources */ = {
			isa = PBXSourcesBuildPhase;
			buildActionMask = 2147483647;
			files = (
				4B9006141CD1B6E50063E679 /* LXAppFrameworkDemoUITests.m in Sources */,
			);
			runOnlyForDeploymentPostprocessing = 0;
		};
/* End PBXSourcesBuildPhase section */

/* Begin PBXTargetDependency section */
		4B9006061CD1B6E50063E679 /* PBXTargetDependency */ = {
			isa = PBXTargetDependency;
			target = 4B9005EA1CD1B6E50063E679 /* LXAppFrameworkDemo */;
			targetProxy = 4B9006051CD1B6E50063E679 /* PBXContainerItemProxy */;
		};
		4B9006111CD1B6E50063E679 /* PBXTargetDependency */ = {
			isa = PBXTargetDependency;
			target = 4B9005EA1CD1B6E50063E679 /* LXAppFrameworkDemo */;
			targetProxy = 4B9006101CD1B6E50063E679 /* PBXContainerItemProxy */;
		};
/* End PBXTargetDependency section */

/* Begin PBXVariantGroup section */
		4B9005F71CD1B6E50063E679 /* Main.storyboard */ = {
			isa = PBXVariantGroup;
			children = (
				4B9005F81CD1B6E50063E679 /* Base */,
			);
			name = Main.storyboard;
			sourceTree = "<group>";
		};
		4B9005FC1CD1B6E50063E679 /* LaunchScreen.storyboard */ = {
			isa = PBXVariantGroup;
			children = (
				4B9005FD1CD1B6E50063E679 /* Base */,
			);
			name = LaunchScreen.storyboard;
			sourceTree = "<group>";
		};
/* End PBXVariantGroup section */

/* Begin XCBuildConfiguration section */
		4B9006161CD1B6E50063E679 /* Debug */ = {
			isa = XCBuildConfiguration;
			buildSettings = {
				ALWAYS_SEARCH_USER_PATHS = NO;
				CLANG_ANALYZER_NONNULL = YES;
				CLANG_CXX_LANGUAGE_STANDARD = "gnu++0x";
				CLANG_CXX_LIBRARY = "libc++";
				CLANG_ENABLE_MODULES = YES;
				CLANG_ENABLE_OBJC_ARC = YES;
				CLANG_WARN_BOOL_CONVERSION = YES;
				CLANG_WARN_CONSTANT_CONVERSION = YES;
				CLANG_WARN_DIRECT_OBJC_ISA_USAGE = YES_ERROR;
				CLANG_WARN_EMPTY_BODY = YES;
				CLANG_WARN_ENUM_CONVERSION = YES;
				CLANG_WARN_INT_CONVERSION = YES;
				CLANG_WARN_OBJC_ROOT_CLASS = YES_ERROR;
				CLANG_WARN_UNREACHABLE_CODE = YES;
				CLANG_WARN__DUPLICATE_METHOD_MATCH = YES;
				"CODE_SIGN_IDENTITY[sdk=iphoneos*]" = "iPhone Developer";
				COPY_PHASE_STRIP = NO;
				DEBUG_INFORMATION_FORMAT = dwarf;
				ENABLE_STRICT_OBJC_MSGSEND = YES;
				ENABLE_TESTABILITY = YES;
				GCC_C_LANGUAGE_STANDARD = gnu99;
				GCC_DYNAMIC_NO_PIC = NO;
				GCC_NO_COMMON_BLOCKS = YES;
				GCC_OPTIMIZATION_LEVEL = 0;
				GCC_PREPROCESSOR_DEFINITIONS = (
					"DEBUG=1",
					"$(inherited)",
				);
				GCC_WARN_64_TO_32_BIT_CONVERSION = YES;
				GCC_WARN_ABOUT_RETURN_TYPE = YES_ERROR;
				GCC_WARN_UNDECLARED_SELECTOR = YES;
				GCC_WARN_UNINITIALIZED_AUTOS = YES_AGGRESSIVE;
				GCC_WARN_UNUSED_FUNCTION = YES;
				GCC_WARN_UNUSED_VARIABLE = YES;
				IPHONEOS_DEPLOYMENT_TARGET = 9.3;
				MTL_ENABLE_DEBUG_INFO = YES;
				ONLY_ACTIVE_ARCH = YES;
				SDKROOT = iphoneos;
			};
			name = Debug;
		};
		4B9006171CD1B6E50063E679 /* Release */ = {
			isa = XCBuildConfiguration;
			buildSettings = {
				ALWAYS_SEARCH_USER_PATHS = NO;
				CLANG_ANALYZER_NONNULL = YES;
				CLANG_CXX_LANGUAGE_STANDARD = "gnu++0x";
				CLANG_CXX_LIBRARY = "libc++";
				CLANG_ENABLE_MODULES = YES;
				CLANG_ENABLE_OBJC_ARC = YES;
				CLANG_WARN_BOOL_CONVERSION = YES;
				CLANG_WARN_CONSTANT_CONVERSION = YES;
				CLANG_WARN_DIRECT_OBJC_ISA_USAGE = YES_ERROR;
				CLANG_WARN_EMPTY_BODY = YES;
				CLANG_WARN_ENUM_CONVERSION = YES;
				CLANG_WARN_INT_CONVERSION = YES;
				CLANG_WARN_OBJC_ROOT_CLASS = YES_ERROR;
				CLANG_WARN_UNREACHABLE_CODE = YES;
				CLANG_WARN__DUPLICATE_METHOD_MATCH = YES;
				"CODE_SIGN_IDENTITY[sdk=iphoneos*]" = "iPhone Developer";
				COPY_PHASE_STRIP = NO;
				DEBUG_INFORMATION_FORMAT = "dwarf-with-dsym";
				ENABLE_NS_ASSERTIONS = NO;
				ENABLE_STRICT_OBJC_MSGSEND = YES;
				GCC_C_LANGUAGE_STANDARD = gnu99;
				GCC_NO_COMMON_BLOCKS = YES;
				GCC_WARN_64_TO_32_BIT_CONVERSION = YES;
				GCC_WARN_ABOUT_RETURN_TYPE = YES_ERROR;
				GCC_WARN_UNDECLARED_SELECTOR = YES;
				GCC_WARN_UNINITIALIZED_AUTOS = YES_AGGRESSIVE;
				GCC_WARN_UNUSED_FUNCTION = YES;
				GCC_WARN_UNUSED_VARIABLE = YES;
				IPHONEOS_DEPLOYMENT_TARGET = 9.3;
				MTL_ENABLE_DEBUG_INFO = NO;
				SDKROOT = iphoneos;
				VALIDATE_PRODUCT = YES;
			};
			name = Release;
		};
		4B9006191CD1B6E50063E679 /* Debug */ = {
			isa = XCBuildConfiguration;
			baseConfigurationReference = 77B7D893D565A04A4F3A56FD /* Pods.debug.xcconfig */;
			buildSettings = {
				ASSETCATALOG_COMPILER_APPICON_NAME = AppIcon;
				CODE_SIGN_IDENTITY = "iPhone Developer";
				"CODE_SIGN_IDENTITY[sdk=iphoneos*]" = "iPhone Developer";
				ENABLE_BITCODE = NO;
				GCC_PREFIX_HEADER = "$(SRCROOT)/LXAppFrameworkDemo/PrefixHeader.pch";
				INFOPLIST_FILE = LXAppFrameworkDemo/Info.plist;
				IPHONEOS_DEPLOYMENT_TARGET = 7.0;
				LD_RUNPATH_SEARCH_PATHS = "$(inherited) @executable_path/Frameworks";
				OTHER_LDFLAGS = (
					"$(inherited)",
					"-ObjC",
					"-l\"AFNetworking\"",
					"-l\"FMDB\"",
					"-l\"MJRefresh\"",
					"-l\"SDAutoLayout\"",
					"-l\"YTKKeyValueStore\"",
					"-l\"YYCache\"",
					"-l\"YYImage\"",
					"-l\"YYModel\"",
					"-l\"YYWebImage\"",
					"-l\"c++\"",
					"-l\"sqlite3\"",
					"-l\"z\"",
					"-framework",
					"\"AVFoundation\"",
					"-framework",
					"\"Accelerate\"",
					"-framework",
					"\"AddressBook\"",
					"-framework",
					"\"AssetsLibrary\"",
					"-framework",
					"\"AudioToolbox\"",
					"-framework",
					"\"CoreBluetooth\"",
					"-framework",
					"\"CoreFoundation\"",
					"-framework",
					"\"CoreGraphics\"",
					"-framework",
					"\"CoreMedia\"",
					"-framework",
					"\"CoreTelephony\"",
					"-framework",
					"\"EventKit\"",
					"-framework",
					"\"EventKitUI\"",
					"-framework",
					"\"FirebaseAnalytics\"",
					"-framework",
					"\"FirebaseInstanceID\"",
					"-framework",
					"\"Foundation\"",
					"-framework",
					"\"GoogleInterchangeUtilities\"",
					"-framework",
					"\"GoogleMobileAds\"",
					"-framework",
					"\"GoogleSymbolUtilities\"",
					"-framework",
					"\"GoogleUtilities\"",
					"-framework",
					"\"ImageIO\"",
					"-framework",
					"\"MediaPlayer\"",
					"-framework",
					"\"MessageUI\"",
					"-framework",
					"\"MobileCoreServices\"",
					"-framework",
					"\"QuartzCore\"",
					"-framework",
					"\"SafariServices\"",
					"-framework",
					"\"Security\"",
					"-framework",
					"\"StoreKit\"",
					"-framework",
					"\"SystemConfiguration\"",
					"-framework",
					"\"UIKit\"",
					"-framework",
					"\"UMMobClick\"",
					"-weak_framework",
					"\"AdSupport\"",
					"-weak_framework",
					"\"SafariServices\"",
				);
				PRODUCT_BUNDLE_IDENTIFIER = com.chinalx.yzglzwdzjs;
				PRODUCT_NAME = "$(TARGET_NAME)";
				PROVISIONING_PROFILE = "";
				TARGETED_DEVICE_FAMILY = "1,2";
			};
			name = Debug;
		};
		4B90061A1CD1B6E50063E679 /* Release */ = {
			isa = XCBuildConfiguration;
			baseConfigurationReference = B1F0AD44AE391AF39944EE79 /* Pods.release.xcconfig */;
			buildSettings = {
				ASSETCATALOG_COMPILER_APPICON_NAME = AppIcon;
				CODE_SIGN_IDENTITY = "iPhone Developer";
				"CODE_SIGN_IDENTITY[sdk=iphoneos*]" = "iPhone Developer";
				ENABLE_BITCODE = NO;
				GCC_PREFIX_HEADER = "$(SRCROOT)/LXAppFrameworkDemo/PrefixHeader.pch";
				INFOPLIST_FILE = LXAppFrameworkDemo/Info.plist;
				IPHONEOS_DEPLOYMENT_TARGET = 7.0;
				LD_RUNPATH_SEARCH_PATHS = "$(inherited) @executable_path/Frameworks";
				OTHER_LDFLAGS = (
					"$(inherited)",
					"-ObjC",
					"-l\"AFNetworking\"",
					"-l\"FMDB\"",
					"-l\"MJRefresh\"",
					"-l\"SDAutoLayout\"",
					"-l\"YTKKeyValueStore\"",
					"-l\"YYCache\"",
					"-l\"YYImage\"",
					"-l\"YYModel\"",
					"-l\"YYWebImage\"",
					"-l\"c++\"",
					"-l\"sqlite3\"",
					"-l\"z\"",
					"-framework",
					"\"AVFoundation\"",
					"-framework",
					"\"Accelerate\"",
					"-framework",
					"\"AddressBook\"",
					"-framework",
					"\"AssetsLibrary\"",
					"-framework",
					"\"AudioToolbox\"",
					"-framework",
					"\"CoreBluetooth\"",
					"-framework",
					"\"CoreFoundation\"",
					"-framework",
					"\"CoreGraphics\"",
					"-framework",
					"\"CoreMedia\"",
					"-framework",
					"\"CoreTelephony\"",
					"-framework",
					"\"EventKit\"",
					"-framework",
					"\"EventKitUI\"",
					"-framework",
					"\"FirebaseAnalytics\"",
					"-framework",
					"\"FirebaseInstanceID\"",
					"-framework",
					"\"Foundation\"",
					"-framework",
					"\"GoogleInterchangeUtilities\"",
					"-framework",
					"\"GoogleMobileAds\"",
					"-framework",
					"\"GoogleSymbolUtilities\"",
					"-framework",
					"\"GoogleUtilities\"",
					"-framework",
					"\"ImageIO\"",
					"-framework",
					"\"MediaPlayer\"",
					"-framework",
					"\"MessageUI\"",
					"-framework",
					"\"MobileCoreServices\"",
					"-framework",
					"\"QuartzCore\"",
					"-framework",
					"\"SafariServices\"",
					"-framework",
					"\"Security\"",
					"-framework",
					"\"StoreKit\"",
					"-framework",
					"\"SystemConfiguration\"",
					"-framework",
					"\"UIKit\"",
					"-framework",
					"\"UMMobClick\"",
					"-weak_framework",
					"\"AdSupport\"",
					"-weak_framework",
					"\"SafariServices\"",
				);
				PRODUCT_BUNDLE_IDENTIFIER = com.chinalx.yzglzwdzjs;
				PRODUCT_NAME = "$(TARGET_NAME)";
				PROVISIONING_PROFILE = "";
				TARGETED_DEVICE_FAMILY = "1,2";
			};
			name = Release;
		};
		4B90061C1CD1B6E50063E679 /* Debug */ = {
			isa = XCBuildConfiguration;
			buildSettings = {
				BUNDLE_LOADER = "$(TEST_HOST)";
				INFOPLIST_FILE = LXAppFrameworkDemoTests/Info.plist;
				LD_RUNPATH_SEARCH_PATHS = "$(inherited) @executable_path/Frameworks @loader_path/Frameworks";
				PRODUCT_BUNDLE_IDENTIFIER = com.lx.spread.LXAppFrameworkDemoTests;
				PRODUCT_NAME = "$(TARGET_NAME)";
				TEST_HOST = "$(BUILT_PRODUCTS_DIR)/LXAppFrameworkDemo.app/LXAppFrameworkDemo";
			};
			name = Debug;
		};
		4B90061D1CD1B6E50063E679 /* Release */ = {
			isa = XCBuildConfiguration;
			buildSettings = {
				BUNDLE_LOADER = "$(TEST_HOST)";
				INFOPLIST_FILE = LXAppFrameworkDemoTests/Info.plist;
				LD_RUNPATH_SEARCH_PATHS = "$(inherited) @executable_path/Frameworks @loader_path/Frameworks";
				PRODUCT_BUNDLE_IDENTIFIER = com.lx.spread.LXAppFrameworkDemoTests;
				PRODUCT_NAME = "$(TARGET_NAME)";
				TEST_HOST = "$(BUILT_PRODUCTS_DIR)/LXAppFrameworkDemo.app/LXAppFrameworkDemo";
			};
			name = Release;
		};
		4B90061F1CD1B6E50063E679 /* Debug */ = {
			isa = XCBuildConfiguration;
			buildSettings = {
				INFOPLIST_FILE = LXAppFrameworkDemoUITests/Info.plist;
				LD_RUNPATH_SEARCH_PATHS = "$(inherited) @executable_path/Frameworks @loader_path/Frameworks";
				PRODUCT_BUNDLE_IDENTIFIER = com.lx.spread.LXAppFrameworkDemoUITests;
				PRODUCT_NAME = "$(TARGET_NAME)";
				TEST_TARGET_NAME = LXAppFrameworkDemo;
			};
			name = Debug;
		};
		4B9006201CD1B6E50063E679 /* Release */ = {
			isa = XCBuildConfiguration;
			buildSettings = {
				INFOPLIST_FILE = LXAppFrameworkDemoUITests/Info.plist;
				LD_RUNPATH_SEARCH_PATHS = "$(inherited) @executable_path/Frameworks @loader_path/Frameworks";
				PRODUCT_BUNDLE_IDENTIFIER = com.lx.spread.LXAppFrameworkDemoUITests;
				PRODUCT_NAME = "$(TARGET_NAME)";
				TEST_TARGET_NAME = LXAppFrameworkDemo;
			};
			name = Release;
		};
/* End XCBuildConfiguration section */

/* Begin XCConfigurationList section */
		4B9005E61CD1B6E50063E679 /* Build configuration list for PBXProject "LXAppFrameworkDemo" */ = {
			isa = XCConfigurationList;
			buildConfigurations = (
				4B9006161CD1B6E50063E679 /* Debug */,
				4B9006171CD1B6E50063E679 /* Release */,
			);
			defaultConfigurationIsVisible = 0;
			defaultConfigurationName = Release;
		};
		4B9006181CD1B6E50063E679 /* Build configuration list for PBXNativeTarget "LXAppFrameworkDemo" */ = {
			isa = XCConfigurationList;
			buildConfigurations = (
				4B9006191CD1B6E50063E679 /* Debug */,
				4B90061A1CD1B6E50063E679 /* Release */,
			);
			defaultConfigurationIsVisible = 0;
			defaultConfigurationName = Release;
		};
		4B90061B1CD1B6E50063E679 /* Build configuration list for PBXNativeTarget "LXAppFrameworkDemoTests" */ = {
			isa = XCConfigurationList;
			buildConfigurations = (
				4B90061C1CD1B6E50063E679 /* Debug */,
				4B90061D1CD1B6E50063E679 /* Release */,
			);
			defaultConfigurationIsVisible = 0;
			defaultConfigurationName = Release;
		};
		4B90061E1CD1B6E50063E679 /* Build configuration list for PBXNativeTarget "LXAppFrameworkDemoUITests" */ = {
			isa = XCConfigurationList;
			buildConfigurations = (
				4B90061F1CD1B6E50063E679 /* Debug */,
				4B9006201CD1B6E50063E679 /* Release */,
			);
			defaultConfigurationIsVisible = 0;
			defaultConfigurationName = Release;
		};
/* End XCConfigurationList section */
	};
	rootObject = 4B9005E31CD1B6E50063E679 /* Project object */;
}
